
Microsoft Visual Studio Solution File, Format Version 12.00
# Visual Studio 14
VisualStudioVersion = 14.0.25420.1
MinimumVisualStudioVersion = 10.0.40219.1
Project("{FAE04EC0-301F-11D3-BF4B-00C04F79EFBC}") = "DBMETAL_SHARP", "DBMETAL_SHARP\DBMETAL_SHARP.csproj", "{9F62A08A-ED4B-414D-BDC7-04BF5F9F196F}"
EndProject
Project("{FAE04EC0-301F-11D3-BF4B-00C04F79EFBC}") = "ReglasdeNegocio", "ReglasdeNegocio\ReglasdeNegocio.csproj", "{FF2BFA3D-08DC-4662-AEA6-121C07B2DD30}"
EndProject
Project("{FAE04EC0-301F-11D3-BF4B-00C04F79EFBC}") = "Entidades", "Entidades\Entidades.csproj", "{A1BC98D1-983B-4DA5-833C-729797450704}"
EndProject
Project("{FAE04EC0-301F-11D3-BF4B-00C04F79EFBC}") = "Inicio", "Inicio\Inicio.csproj", "{D34C73E3-9DAF-4453-9BBF-55B2AE9A8F7E}"
EndProject
Project("{FAE04EC0-301F-11D3-BF4B-00C04F79EFBC}") = "Reportes", "Reportes\Reportes.csproj", "{E542B8DA-1291-465D-A1C3-AB161B3D5494}"
EndProject
Global
	GlobalSection(SolutionConfigurationPlatforms) = preSolution
		Debug|Any CPU = Debug|Any CPU
		Release|Any CPU = Release|Any CPU
	EndGlobalSection
	GlobalSection(ProjectConfigurationPlatforms) = postSolution
		{9F62A08A-ED4B-414D-BDC7-04BF5F9F196F}.Debug|Any CPU.ActiveCfg = Debug|Any CPU
		{9F62A08A-ED4B-414D-BDC7-04BF5F9F196F}.Debug|Any CPU.Build.0 = Debug|Any CPU
		{9F62A08A-ED4B-414D-BDC7-04BF5F9F196F}.Release|Any CPU.ActiveCfg = Release|Any CPU
		{9F62A08A-ED4B-414D-BDC7-04BF5F9F196F}.Release|Any CPU.Build.0 = Release|Any CPU
		{FF2BFA3D-08DC-4662-AEA6-121C07B2DD30}.Debug|Any CPU.ActiveCfg = Debug|Any CPU
		{FF2BFA3D-08DC-4662-AEA6-121C07B2DD30}.Debug|Any CPU.Build.0 = Debug|Any CPU
		{FF2BFA3D-08DC-4662-AEA6-121C07B2DD30}.Release|Any CPU.ActiveCfg = Release|Any CPU
		{FF2BFA3D-08DC-4662-AEA6-121C07B2DD30}.Release|Any CPU.Build.0 = Release|Any CPU
		{A1BC98D1-983B-4DA5-833C-729797450704}.Debug|Any CPU.ActiveCfg = Debug|Any CPU
		{A1BC98D1-983B-4DA5-833C-729797450704}.Debug|Any CPU.Build.0 = Debug|Any CPU
		{A1BC98D1-983B-4DA5-833C-729797450704}.Release|Any CPU.ActiveCfg = Release|Any CPU
		{A1BC98D1-983B-4DA5-833C-729797450704}.Release|Any CPU.Build.0 = Release|Any CPU
		{D34C73E3-9DAF-4453-9BBF-55B2AE9A8F7E}.Debug|Any CPU.ActiveCfg = Debug|Any CPU
		{D34C73E3-9DAF-4453-9BBF-55B2AE9A8F7E}.Debug|Any CPU.Build.0 = Debug|Any CPU
		{D34C73E3-9DAF-4453-9BBF-55B2AE9A8F7E}.Release|Any CPU.ActiveCfg = Release|Any CPU
		{D34C73E3-9DAF-4453-9BBF-55B2AE9A8F7E}.Release|Any CPU.Build.0 = Release|Any CPU
		{E542B8DA-1291-465D-A1C3-AB161B3D5494}.Debug|Any CPU.ActiveCfg = Debug|Any CPU
		{E542B8DA-1291-465D-A1C3-AB161B3D5494}.Debug|Any CPU.Build.0 = Debug|Any CPU
		{E542B8DA-1291-465D-A1C3-AB161B3D5494}.Release|Any CPU.ActiveCfg = Release|Any CPU
		{E542B8DA-1291-465D-A1C3-AB161B3D5494}.Release|Any CPU.Build.0 = Release|Any CPU
	EndGlobalSection
	GlobalSection(SolutionProperties) = preSolution
		HideSolutionNode = FALSE
	EndGlobalSection
	GlobalSection(TeamFoundationVersionControl) = preSolution
		SccNumberOfProjects = 6
		SccEnterpriseProvider = {4CA58AB2-18FA-4F8D-95D4-32DDF27D184C}
		SccTeamFoundationServer = https://grancolombiagold.visualstudio.com/
		SccLocalPath0 = .
		SccProjectUniqueName1 = DBMETAL_SHARP\\DBMETAL_SHARP.csproj
		SccProjectName1 = DBMETAL_SHARP
		SccLocalPath1 = DBMETAL_SHARP
		SccProjectUniqueName2 = Entidades\\Entidades.csproj
		SccProjectName2 = Entidades
		SccLocalPath2 = Entidades
		SccProjectUniqueName3 = Inicio\\Inicio.csproj
		SccProjectName3 = Inicio
		SccLocalPath3 = Inicio
		SccProjectUniqueName4 = ReglasdeNegocio\\ReglasdeNegocio.csproj
		SccProjectName4 = ReglasdeNegocio
		SccLocalPath4 = ReglasdeNegocio
		SccProjectUniqueName5 = Reportes\\Reportes.csproj
		SccProjectName5 = Reportes
		SccLocalPath5 = Reportes
	EndGlobalSection
EndGlobal
